PODS:
  - Alamofire (5.10.1)
  - Kingfisher (8.1.0)
  - RxCocoa (6.8.0):
    - RxRelay (= 6.8.0)
    - RxSwift (= 6.8.0)
  - RxRelay (6.8.0):
    - RxSwift (= 6.8.0)
  - RxSwift (6.8.0)
  - SnapKit (5.7.1)

DEPENDENCIES:
  - Alamofire
  - Kingfisher
  - RxCocoa
  - RxSwift
  - SnapKit

SPEC REPOS:
  trunk:
    - Alamofire
    - Kingfisher
    - RxCocoa
    - RxRelay
    - RxSwift
    - SnapKit

SPEC CHECKSUMS:
  Alamofire: 840d2a1ad82355b536ec6ba5f97e5bfa54600ca3
  Kingfisher: dfbf20b6249ed4ef6f18d6a96c847bce860bdb95
  RxCocoa: 2d33c1e1e5d66492052ad46b11024ae287572880
  RxRelay: 335c78b926a2aea8d863a6d25f1ed3b5ad8e8705
  RxSwift: 4e28be97cbcfeee614af26d83415febbf2bf6f45
  SnapKit: d612e99e678a2d3b95bf60b0705ed0a35c03484a

PODFILE CHECKSUM: 0af4f54bccfd2cbd0b34888bfa0ae9f86f3dc3f7

COCOAPODS: 1.15.2
