// !$*UTF8*$!
{
	archiveVersion = 1;
	classes = {
	};
	objectVersion = 56;
	objects = {

/* Begin PBXBuildFile section */
		0169ECC0B202994DB778741A /* Pods_GithubUserTrackerTests.framework in Frameworks */ = {isa = PBXBuildFile; fileRef = 92404DD63E7EC0724798A663 /* Pods_GithubUserTrackerTests.framework */; };
		7DC6CB0BCD5524DEDA4DE63F /* Pods_GithubUserTracker.framework in Frameworks */ = {isa = PBXBuildFile; fileRef = ED721FF5D07290912C29EB16 /* Pods_GithubUserTracker.framework */; };
		80DC95422CCBDAAD002A932C /* AppDelegate.swift in Sources */ = {isa = PBXBuildFile; fileRef = 80DC95382CCBDAAD002A932C /* AppDelegate.swift */; };
		80DC95432CCBDAAD002A932C /* SceneDelegate.swift in Sources */ = {isa = PBXBuildFile; fileRef = 80DC953F2CCBDAAD002A932C /* SceneDelegate.swift */; };
		80DC95442CCBDAAD002A932C /* UserListViewController.swift in Sources */ = {isa = PBXBuildFile; fileRef = 80DC95402CCBDAAD002A932C /* UserListViewController.swift */; };
		80DC95452CCBDAAD002A932C /* Assets.xcassets in Resources */ = {isa = PBXBuildFile; fileRef = 80DC95392CCBDAAD002A932C /* Assets.xcassets */; };
		80DC95472CCBDAAD002A932C /* LaunchScreen.storyboard in Resources */ = {isa = PBXBuildFile; fileRef = 80DC953C2CCBDAAD002A932C /* LaunchScreen.storyboard */; };
		80DC954B2CCBDAAF002A932C /* GithubUserTrackerTests.swift in Sources */ = {isa = PBXBuildFile; fileRef = 80DC95492CCBDAAF002A932C /* GithubUserTrackerTests.swift */; };
		80DC954F2CCBDAB1002A932C /* GithubUserTrackerUITests.swift in Sources */ = {isa = PBXBuildFile; fileRef = 80DC954C2CCBDAB1002A932C /* GithubUserTrackerUITests.swift */; };
		80DC95502CCBDAB1002A932C /* GithubUserTrackerUITestsLaunchTests.swift in Sources */ = {isa = PBXBuildFile; fileRef = 80DC954D2CCBDAB1002A932C /* GithubUserTrackerUITestsLaunchTests.swift */; };
		80DC95572CCCA649002A932C /* UserListItem.swift in Sources */ = {isa = PBXBuildFile; fileRef = 80DC95562CCCA649002A932C /* UserListItem.swift */; };
		80DC95592CCCA718002A932C /* NetworkError.swift in Sources */ = {isa = PBXBuildFile; fileRef = 80DC95582CCCA718002A932C /* NetworkError.swift */; };
		80DC955B2CCCA8BF002A932C /* CoreDataError.swift in Sources */ = {isa = PBXBuildFile; fileRef = 80DC955A2CCCA8BF002A932C /* CoreDataError.swift */; };
		80DC955D2CCCAF1C002A932C /* UserListUsecaseProtocol.swift in Sources */ = {isa = PBXBuildFile; fileRef = 80DC955C2CCCAF1C002A932C /* UserListUsecaseProtocol.swift */; };
		80DC95602CCCB096002A932C /* UserRepositoryProtocol.swift in Sources */ = {isa = PBXBuildFile; fileRef = 80DC955F2CCCB096002A932C /* UserRepositoryProtocol.swift */; };
		80DC95662CCCB3A4002A932C /* UserSession.swift in Sources */ = {isa = PBXBuildFile; fileRef = 80DC95652CCCB3A4002A932C /* UserSession.swift */; };
		80DC95682CCCB53B002A932C /* NetworkManager.swift in Sources */ = {isa = PBXBuildFile; fileRef = 80DC95672CCCB53B002A932C /* NetworkManager.swift */; };
		80DC956A2CCCBA03002A932C /* Secrets.xcconfig in Resources */ = {isa = PBXBuildFile; fileRef = 80DC95692CCCBA03002A932C /* Secrets.xcconfig */; };
		80DC956E2CCCBECB002A932C /* UserNetwork.swift in Sources */ = {isa = PBXBuildFile; fileRef = 80DC956D2CCCBECB002A932C /* UserNetwork.swift */; };
		80DC95712CCCC00B002A932C /* GithubUserTracker.xcdatamodeld in Sources */ = {isa = PBXBuildFile; fileRef = 80DC956F2CCCC00B002A932C /* GithubUserTracker.xcdatamodeld */; };
		80DC95732CCCC150002A932C /* UserCoreData.swift in Sources */ = {isa = PBXBuildFile; fileRef = 80DC95722CCCC150002A932C /* UserCoreData.swift */; };
		80DC95762CCCCCF8002A932C /* UserRepository.swift in Sources */ = {isa = PBXBuildFile; fileRef = 80DC95752CCCCCF8002A932C /* UserRepository.swift */; };
		80DC95792CCCD1A7002A932C /* MockUserRepository.swift in Sources */ = {isa = PBXBuildFile; fileRef = 80DC95782CCCD1A7002A932C /* MockUserRepository.swift */; };
		80DC957D2CCCD4A4002A932C /* UserListViewModel.swift in Sources */ = {isa = PBXBuildFile; fileRef = 80DC957C2CCCD4A4002A932C /* UserListViewModel.swift */; };
		80DC95812CCD1D64002A932C /* TabButtonView.swift in Sources */ = {isa = PBXBuildFile; fileRef = 80DC95802CCD1D64002A932C /* TabButtonView.swift */; };
		80DC95832CCD1D91002A932C /* UserTableViewCell.swift in Sources */ = {isa = PBXBuildFile; fileRef = 80DC95822CCD1D91002A932C /* UserTableViewCell.swift */; };
		80DC95852CCD2B0D002A932C /* HeaderTableViewCell.swift in Sources */ = {isa = PBXBuildFile; fileRef = 80DC95842CCD2B0D002A932C /* HeaderTableViewCell.swift */; };
		80DC95872CCDF801002A932C /* UserListViewModelTests.swift in Sources */ = {isa = PBXBuildFile; fileRef = 80DC95862CCDF801002A932C /* UserListViewModelTests.swift */; };
		80DC95892CCDF86E002A932C /* MockUserUsecase.swift in Sources */ = {isa = PBXBuildFile; fileRef = 80DC95882CCDF86E002A932C /* MockUserUsecase.swift */; };
		F2DE44EE9B54FADA46FA5DA2 /* Pods_GithubUserTracker_GithubUserTrackerUITests.framework in Frameworks */ = {isa = PBXBuildFile; fileRef = 296A8A3AC71F48E1E427136A /* Pods_GithubUserTracker_GithubUserTrackerUITests.framework */; };
/* End PBXBuildFile section */

/* Begin PBXContainerItemProxy section */
		80DC951B2CCBDAA1002A932C /* PBXContainerItemProxy */ = {
			isa = PBXContainerItemProxy;
			containerPortal = 80DC94FC2CCBDA9F002A932C /* Project object */;
			proxyType = 1;
			remoteGlobalIDString = 80DC95032CCBDA9F002A932C;
			remoteInfo = GithubUserTracker;
		};
		80DC95252CCBDAA1002A932C /* PBXContainerItemProxy */ = {
			isa = PBXContainerItemProxy;
			containerPortal = 80DC94FC2CCBDA9F002A932C /* Project object */;
			proxyType = 1;
			remoteGlobalIDString = 80DC95032CCBDA9F002A932C;
			remoteInfo = GithubUserTracker;
		};
/* End PBXContainerItemProxy section */

/* Begin PBXFileReference section */
		04A39FDBDE2A10E6D6F7FA2B /* Pods-GithubUserTracker.release.xcconfig */ = {isa = PBXFileReference; includeInIndex = 1; lastKnownFileType = text.xcconfig; name = "Pods-GithubUserTracker.release.xcconfig"; path = "Target Support Files/Pods-GithubUserTracker/Pods-GithubUserTracker.release.xcconfig"; sourceTree = "<group>"; };
		296A8A3AC71F48E1E427136A /* Pods_GithubUserTracker_GithubUserTrackerUITests.framework */ = {isa = PBXFileReference; explicitFileType = wrapper.framework; includeInIndex = 0; path = Pods_GithubUserTracker_GithubUserTrackerUITests.framework; sourceTree = BUILT_PRODUCTS_DIR; };
		2E993BA106CCDA7B425F5959 /* Pods-GithubUserTrackerTests.release.xcconfig */ = {isa = PBXFileReference; includeInIndex = 1; lastKnownFileType = text.xcconfig; name = "Pods-GithubUserTrackerTests.release.xcconfig"; path = "Target Support Files/Pods-GithubUserTrackerTests/Pods-GithubUserTrackerTests.release.xcconfig"; sourceTree = "<group>"; };
		7F4C2CF54F6F971711ECA5AB /* Pods-GithubUserTracker.debug.xcconfig */ = {isa = PBXFileReference; includeInIndex = 1; lastKnownFileType = text.xcconfig; name = "Pods-GithubUserTracker.debug.xcconfig"; path = "Target Support Files/Pods-GithubUserTracker/Pods-GithubUserTracker.debug.xcconfig"; sourceTree = "<group>"; };
		80DC95042CCBDA9F002A932C /* GithubUserTracker.app */ = {isa = PBXFileReference; explicitFileType = wrapper.application; includeInIndex = 0; path = GithubUserTracker.app; sourceTree = BUILT_PRODUCTS_DIR; };
		80DC951A2CCBDAA1002A932C /* GithubUserTrackerTests.xctest */ = {isa = PBXFileReference; explicitFileType = wrapper.cfbundle; includeInIndex = 0; path = GithubUserTrackerTests.xctest; sourceTree = BUILT_PRODUCTS_DIR; };
		80DC95242CCBDAA1002A932C /* GithubUserTrackerUITests.xctest */ = {isa = PBXFileReference; explicitFileType = wrapper.cfbundle; includeInIndex = 0; path = GithubUserTrackerUITests.xctest; sourceTree = BUILT_PRODUCTS_DIR; };
		80DC95382CCBDAAD002A932C /* AppDelegate.swift */ = {isa = PBXFileReference; lastKnownFileType = sourcecode.swift; path = AppDelegate.swift; sourceTree = "<group>"; };
		80DC95392CCBDAAD002A932C /* Assets.xcassets */ = {isa = PBXFileReference; lastKnownFileType = folder.assetcatalog; path = Assets.xcassets; sourceTree = "<group>"; };
		80DC953A2CCBDAAD002A932C /* Info.plist */ = {isa = PBXFileReference; lastKnownFileType = text.plist.xml; path = Info.plist; sourceTree = "<group>"; };
		80DC953B2CCBDAAD002A932C /* Base */ = {isa = PBXFileReference; lastKnownFileType = file.storyboard; name = Base; path = Base.lproj/LaunchScreen.storyboard; sourceTree = "<group>"; };
		80DC953F2CCBDAAD002A932C /* SceneDelegate.swift */ = {isa = PBXFileReference; lastKnownFileType = sourcecode.swift; path = SceneDelegate.swift; sourceTree = "<group>"; };
		80DC95402CCBDAAD002A932C /* UserListViewController.swift */ = {isa = PBXFileReference; lastKnownFileType = sourcecode.swift; path = UserListViewController.swift; sourceTree = "<group>"; };
		80DC95492CCBDAAF002A932C /* GithubUserTrackerTests.swift */ = {isa = PBXFileReference; lastKnownFileType = sourcecode.swift; path = GithubUserTrackerTests.swift; sourceTree = "<group>"; };
		80DC954C2CCBDAB1002A932C /* GithubUserTrackerUITests.swift */ = {isa = PBXFileReference; lastKnownFileType = sourcecode.swift; path = GithubUserTrackerUITests.swift; sourceTree = "<group>"; };
		80DC954D2CCBDAB1002A932C /* GithubUserTrackerUITestsLaunchTests.swift */ = {isa = PBXFileReference; lastKnownFileType = sourcecode.swift; path = GithubUserTrackerUITestsLaunchTests.swift; sourceTree = "<group>"; };
		80DC95562CCCA649002A932C /* UserListItem.swift */ = {isa = PBXFileReference; lastKnownFileType = sourcecode.swift; path = UserListItem.swift; sourceTree = "<group>"; };
		80DC95582CCCA718002A932C /* NetworkError.swift */ = {isa = PBXFileReference; lastKnownFileType = sourcecode.swift; path = NetworkError.swift; sourceTree = "<group>"; };
		80DC955A2CCCA8BF002A932C /* CoreDataError.swift */ = {isa = PBXFileReference; lastKnownFileType = sourcecode.swift; path = CoreDataError.swift; sourceTree = "<group>"; };
		80DC955C2CCCAF1C002A932C /* UserListUsecaseProtocol.swift */ = {isa = PBXFileReference; lastKnownFileType = sourcecode.swift; path = UserListUsecaseProtocol.swift; sourceTree = "<group>"; };
		80DC955F2CCCB096002A932C /* UserRepositoryProtocol.swift */ = {isa = PBXFileReference; lastKnownFileType = sourcecode.swift; path = UserRepositoryProtocol.swift; sourceTree = "<group>"; };
		80DC95652CCCB3A4002A932C /* UserSession.swift */ = {isa = PBXFileReference; lastKnownFileType = sourcecode.swift; path = UserSession.swift; sourceTree = "<group>"; };
		80DC95672CCCB53B002A932C /* NetworkManager.swift */ = {isa = PBXFileReference; lastKnownFileType = sourcecode.swift; path = NetworkManager.swift; sourceTree = "<group>"; };
		80DC95692CCCBA03002A932C /* Secrets.xcconfig */ = {isa = PBXFileReference; lastKnownFileType = text.xcconfig; path = Secrets.xcconfig; sourceTree = "<group>"; };
		80DC956D2CCCBECB002A932C /* UserNetwork.swift */ = {isa = PBXFileReference; lastKnownFileType = sourcecode.swift; path = UserNetwork.swift; sourceTree = "<group>"; };
		80DC95702CCCC00B002A932C /* GithubUserTracker.xcdatamodel */ = {isa = PBXFileReference; lastKnownFileType = wrapper.xcdatamodel; path = GithubUserTracker.xcdatamodel; sourceTree = "<group>"; };
		80DC95722CCCC150002A932C /* UserCoreData.swift */ = {isa = PBXFileReference; lastKnownFileType = sourcecode.swift; path = UserCoreData.swift; sourceTree = "<group>"; };
		80DC95752CCCCCF8002A932C /* UserRepository.swift */ = {isa = PBXFileReference; lastKnownFileType = sourcecode.swift; path = UserRepository.swift; sourceTree = "<group>"; };
		80DC95782CCCD1A7002A932C /* MockUserRepository.swift */ = {isa = PBXFileReference; lastKnownFileType = sourcecode.swift; path = MockUserRepository.swift; sourceTree = "<group>"; };
		80DC957C2CCCD4A4002A932C /* UserListViewModel.swift */ = {isa = PBXFileReference; lastKnownFileType = sourcecode.swift; path = UserListViewModel.swift; sourceTree = "<group>"; };
		80DC95802CCD1D64002A932C /* TabButtonView.swift */ = {isa = PBXFileReference; lastKnownFileType = sourcecode.swift; path = TabButtonView.swift; sourceTree = "<group>"; };
		80DC95822CCD1D91002A932C /* UserTableViewCell.swift */ = {isa = PBXFileReference; lastKnownFileType = sourcecode.swift; path = UserTableViewCell.swift; sourceTree = "<group>"; };
		80DC95842CCD2B0D002A932C /* HeaderTableViewCell.swift */ = {isa = PBXFileReference; lastKnownFileType = sourcecode.swift; path = HeaderTableViewCell.swift; sourceTree = "<group>"; };
		80DC95862CCDF801002A932C /* UserListViewModelTests.swift */ = {isa = PBXFileReference; lastKnownFileType = sourcecode.swift; path = UserListViewModelTests.swift; sourceTree = "<group>"; };
		80DC95882CCDF86E002A932C /* MockUserUsecase.swift */ = {isa = PBXFileReference; lastKnownFileType = sourcecode.swift; path = MockUserUsecase.swift; sourceTree = "<group>"; };
		92404DD63E7EC0724798A663 /* Pods_GithubUserTrackerTests.framework */ = {isa = PBXFileReference; explicitFileType = wrapper.framework; includeInIndex = 0; path = Pods_GithubUserTrackerTests.framework; sourceTree = BUILT_PRODUCTS_DIR; };
		BE7EF4CF6369037251B065FA /* Pods-GithubUserTrackerTests.debug.xcconfig */ = {isa = PBXFileReference; includeInIndex = 1; lastKnownFileType = text.xcconfig; name = "Pods-GithubUserTrackerTests.debug.xcconfig"; path = "Target Support Files/Pods-GithubUserTrackerTests/Pods-GithubUserTrackerTests.debug.xcconfig"; sourceTree = "<group>"; };
		CB2164702C0D47535E835ECF /* Pods-GithubUserTracker-GithubUserTrackerUITests.debug.xcconfig */ = {isa = PBXFileReference; includeInIndex = 1; lastKnownFileType = text.xcconfig; name = "Pods-GithubUserTracker-GithubUserTrackerUITests.debug.xcconfig"; path = "Target Support Files/Pods-GithubUserTracker-GithubUserTrackerUITests/Pods-GithubUserTracker-GithubUserTrackerUITests.debug.xcconfig"; sourceTree = "<group>"; };
		ED721FF5D07290912C29EB16 /* Pods_GithubUserTracker.framework */ = {isa = PBXFileReference; explicitFileType = wrapper.framework; includeInIndex = 0; path = Pods_GithubUserTracker.framework; sourceTree = BUILT_PRODUCTS_DIR; };
		F1193A980E59C74CDE966CCA /* Pods-GithubUserTracker-GithubUserTrackerUITests.release.xcconfig */ = {isa = PBXFileReference; includeInIndex = 1; lastKnownFileType = text.xcconfig; name = "Pods-GithubUserTracker-GithubUserTrackerUITests.release.xcconfig"; path = "Target Support Files/Pods-GithubUserTracker-GithubUserTrackerUITests/Pods-GithubUserTracker-GithubUserTrackerUITests.release.xcconfig"; sourceTree = "<group>"; };
/* End PBXFileReference section */

/* Begin PBXFrameworksBuildPhase section */
		80DC95012CCBDA9F002A932C /* Frameworks */ = {
			isa = PBXFrameworksBuildPhase;
			buildActionMask = 2147483647;
			files = (
				7DC6CB0BCD5524DEDA4DE63F /* Pods_GithubUserTracker.framework in Frameworks */,
			);
			runOnlyForDeploymentPostprocessing = 0;
		};
		80DC95172CCBDAA1002A932C /* Frameworks */ = {
			isa = PBXFrameworksBuildPhase;
			buildActionMask = 2147483647;
			files = (
				0169ECC0B202994DB778741A /* Pods_GithubUserTrackerTests.framework in Frameworks */,
			);
			runOnlyForDeploymentPostprocessing = 0;
		};
		80DC95212CCBDAA1002A932C /* Frameworks */ = {
			isa = PBXFrameworksBuildPhase;
			buildActionMask = 2147483647;
			files = (
				F2DE44EE9B54FADA46FA5DA2 /* Pods_GithubUserTracker_GithubUserTrackerUITests.framework in Frameworks */,
			);
			runOnlyForDeploymentPostprocessing = 0;
		};
/* End PBXFrameworksBuildPhase section */

/* Begin PBXGroup section */
		80DC94FB2CCBDA9F002A932C = {
			isa = PBXGroup;
			children = (
				80DC95412CCBDAAD002A932C /* GithubUserTracker */,
				80DC954A2CCBDAAF002A932C /* GithubUserTrackerTests */,
				80DC954E2CCBDAB1002A932C /* GithubUserTrackerUITests */,
				80DC95052CCBDA9F002A932C /* Products */,
				DC67DEFBCFD7CCCB5CC2B185 /* Pods */,
				D81B00B26DD54E85F3D3A7B6 /* Frameworks */,
			);
			sourceTree = "<group>";
		};
		80DC95052CCBDA9F002A932C /* Products */ = {
			isa = PBXGroup;
			children = (
				80DC95042CCBDA9F002A932C /* GithubUserTracker.app */,
				80DC951A2CCBDAA1002A932C /* GithubUserTrackerTests.xctest */,
				80DC95242CCBDAA1002A932C /* GithubUserTrackerUITests.xctest */,
			);
			name = Products;
			sourceTree = "<group>";
		};
		80DC95412CCBDAAD002A932C /* GithubUserTracker */ = {
			isa = PBXGroup;
			children = (
				80DC95382CCBDAAD002A932C /* AppDelegate.swift */,
				80DC953F2CCBDAAD002A932C /* SceneDelegate.swift */,
				80DC957A2CCCD492002A932C /* Presentation */,
				80DC95512CCCA615002A932C /* Domain */,
				80DC95612CCCB1BC002A932C /* Data */,
				80DC953C2CCBDAAD002A932C /* LaunchScreen.storyboard */,
				80DC95392CCBDAAD002A932C /* Assets.xcassets */,
				80DC953A2CCBDAAD002A932C /* Info.plist */,
				80DC95692CCCBA03002A932C /* Secrets.xcconfig */,
				80DC956F2CCCC00B002A932C /* GithubUserTracker.xcdatamodeld */,
			);
			path = GithubUserTracker;
			sourceTree = "<group>";
		};
		80DC954A2CCBDAAF002A932C /* GithubUserTrackerTests */ = {
			isa = PBXGroup;
			children = (
				80DC95772CCCD172002A932C /* Mock */,
				80DC95492CCBDAAF002A932C /* GithubUserTrackerTests.swift */,
				80DC95862CCDF801002A932C /* UserListViewModelTests.swift */,
			);
			path = GithubUserTrackerTests;
			sourceTree = "<group>";
		};
		80DC954E2CCBDAB1002A932C /* GithubUserTrackerUITests */ = {
			isa = PBXGroup;
			children = (
				80DC954C2CCBDAB1002A932C /* GithubUserTrackerUITests.swift */,
				80DC954D2CCBDAB1002A932C /* GithubUserTrackerUITestsLaunchTests.swift */,
			);
			path = GithubUserTrackerUITests;
			sourceTree = "<group>";
		};
		80DC95512CCCA615002A932C /* Domain */ = {
			isa = PBXGroup;
			children = (
				80DC955E2CCCB082002A932C /* RepositoryProtocol */,
				80DC95522CCCA622002A932C /* Usecase */,
				80DC95532CCCA62A002A932C /* Entity */,
			);
			path = Domain;
			sourceTree = "<group>";
		};
		80DC95522CCCA622002A932C /* Usecase */ = {
			isa = PBXGroup;
			children = (
				80DC955C2CCCAF1C002A932C /* UserListUsecaseProtocol.swift */,
			);
			path = Usecase;
			sourceTree = "<group>";
		};
		80DC95532CCCA62A002A932C /* Entity */ = {
			isa = PBXGroup;
			children = (
				80DC95562CCCA649002A932C /* UserListItem.swift */,
				80DC95582CCCA718002A932C /* NetworkError.swift */,
				80DC955A2CCCA8BF002A932C /* CoreDataError.swift */,
			);
			path = Entity;
			sourceTree = "<group>";
		};
		80DC955E2CCCB082002A932C /* RepositoryProtocol */ = {
			isa = PBXGroup;
			children = (
				80DC955F2CCCB096002A932C /* UserRepositoryProtocol.swift */,
			);
			path = RepositoryProtocol;
			sourceTree = "<group>";
		};
		80DC95612CCCB1BC002A932C /* Data */ = {
			isa = PBXGroup;
			children = (
				80DC95642CCCB1C7002A932C /* Network */,
				80DC95632CCCB1C3002A932C /* CoreData */,
				80DC95622CCCB1BF002A932C /* Repository */,
			);
			path = Data;
			sourceTree = "<group>";
		};
		80DC95622CCCB1BF002A932C /* Repository */ = {
			isa = PBXGroup;
			children = (
				80DC95752CCCCCF8002A932C /* UserRepository.swift */,
			);
			path = Repository;
			sourceTree = "<group>";
		};
		80DC95632CCCB1C3002A932C /* CoreData */ = {
			isa = PBXGroup;
			children = (
				80DC95722CCCC150002A932C /* UserCoreData.swift */,
			);
			path = CoreData;
			sourceTree = "<group>";
		};
		80DC95642CCCB1C7002A932C /* Network */ = {
			isa = PBXGroup;
			children = (
				80DC95652CCCB3A4002A932C /* UserSession.swift */,
				80DC95672CCCB53B002A932C /* NetworkManager.swift */,
				80DC956D2CCCBECB002A932C /* UserNetwork.swift */,
			);
			path = Network;
			sourceTree = "<group>";
		};
		80DC95772CCCD172002A932C /* Mock */ = {
			isa = PBXGroup;
			children = (
				80DC95782CCCD1A7002A932C /* MockUserRepository.swift */,
				80DC95882CCDF86E002A932C /* MockUserUsecase.swift */,
			);
			path = Mock;
			sourceTree = "<group>";
		};
		80DC957A2CCCD492002A932C /* Presentation */ = {
			isa = PBXGroup;
			children = (
				80DC957F2CCD1D51002A932C /* View */,
				80DC957E2CCD0CCE002A932C /* ViewController */,
				80DC957B2CCCD499002A932C /* ViewModel */,
			);
			path = Presentation;
			sourceTree = "<group>";
		};
		80DC957B2CCCD499002A932C /* ViewModel */ = {
			isa = PBXGroup;
			children = (
				80DC957C2CCCD4A4002A932C /* UserListViewModel.swift */,
			);
			path = ViewModel;
			sourceTree = "<group>";
		};
		80DC957E2CCD0CCE002A932C /* ViewController */ = {
			isa = PBXGroup;
			children = (
				80DC95402CCBDAAD002A932C /* UserListViewController.swift */,
			);
			path = ViewController;
			sourceTree = "<group>";
		};
		80DC957F2CCD1D51002A932C /* View */ = {
			isa = PBXGroup;
			children = (
				80DC95802CCD1D64002A932C /* TabButtonView.swift */,
				80DC95822CCD1D91002A932C /* UserTableViewCell.swift */,
				80DC95842CCD2B0D002A932C /* HeaderTableViewCell.swift */,
			);
			path = View;
			sourceTree = "<group>";
		};
		D81B00B26DD54E85F3D3A7B6 /* Frameworks */ = {
			isa = PBXGroup;
			children = (
				ED721FF5D07290912C29EB16 /* Pods_GithubUserTracker.framework */,
				296A8A3AC71F48E1E427136A /* Pods_GithubUserTracker_GithubUserTrackerUITests.framework */,
				92404DD63E7EC0724798A663 /* Pods_GithubUserTrackerTests.framework */,
			);
			name = Frameworks;
			sourceTree = "<group>";
		};
		DC67DEFBCFD7CCCB5CC2B185 /* Pods */ = {
			isa = PBXGroup;
			children = (
				7F4C2CF54F6F971711ECA5AB /* Pods-GithubUserTracker.debug.xcconfig */,
				04A39FDBDE2A10E6D6F7FA2B /* Pods-GithubUserTracker.release.xcconfig */,
				CB2164702C0D47535E835ECF /* Pods-GithubUserTracker-GithubUserTrackerUITests.debug.xcconfig */,
				F1193A980E59C74CDE966CCA /* Pods-GithubUserTracker-GithubUserTrackerUITests.release.xcconfig */,
				BE7EF4CF6369037251B065FA /* Pods-GithubUserTrackerTests.debug.xcconfig */,
				2E993BA106CCDA7B425F5959 /* Pods-GithubUserTrackerTests.release.xcconfig */,
			);
			path = Pods;
			sourceTree = "<group>";
		};
/* End PBXGroup section */

/* Begin PBXNativeTarget section */
		80DC95032CCBDA9F002A932C /* GithubUserTracker */ = {
			isa = PBXNativeTarget;
			buildConfigurationList = 80DC952D2CCBDAA1002A932C /* Build configuration list for PBXNativeTarget "GithubUserTracker" */;
			buildPhases = (
				451574CF7C2DD31CF7EB0810 /* [CP] Check Pods Manifest.lock */,
				80DC95002CCBDA9F002A932C /* Sources */,
				80DC95012CCBDA9F002A932C /* Frameworks */,
				80DC95022CCBDA9F002A932C /* Resources */,
				270527B55324F87C9B1EF35C /* [CP] Embed Pods Frameworks */,
			);
			buildRules = (
			);
			dependencies = (
			);
			name = GithubUserTracker;
			productName = GithubUserTracker;
			productReference = 80DC95042CCBDA9F002A932C /* GithubUserTracker.app */;
			productType = "com.apple.product-type.application";
		};
		80DC95192CCBDAA1002A932C /* GithubUserTrackerTests */ = {
			isa = PBXNativeTarget;
			buildConfigurationList = 80DC95322CCBDAA1002A932C /* Build configuration list for PBXNativeTarget "GithubUserTrackerTests" */;
			buildPhases = (
				084DA441429518FC4B3143FC /* [CP] Check Pods Manifest.lock */,
				80DC95162CCBDAA1002A932C /* Sources */,
				80DC95172CCBDAA1002A932C /* Frameworks */,
				80DC95182CCBDAA1002A932C /* Resources */,
			);
			buildRules = (
			);
			dependencies = (
				80DC951C2CCBDAA1002A932C /* PBXTargetDependency */,
			);
			name = GithubUserTrackerTests;
			productName = GithubUserTrackerTests;
			productReference = 80DC951A2CCBDAA1002A932C /* GithubUserTrackerTests.xctest */;
			productType = "com.apple.product-type.bundle.unit-test";
		};
		80DC95232CCBDAA1002A932C /* GithubUserTrackerUITests */ = {
			isa = PBXNativeTarget;
			buildConfigurationList = 80DC95352CCBDAA1002A932C /* Build configuration list for PBXNativeTarget "GithubUserTrackerUITests" */;
			buildPhases = (
				552F202CEBA31A6C18B8FA10 /* [CP] Check Pods Manifest.lock */,
				80DC95202CCBDAA1002A932C /* Sources */,
				80DC95212CCBDAA1002A932C /* Frameworks */,
				80DC95222CCBDAA1002A932C /* Resources */,
				253B62F82AF30F482C712636 /* [CP] Embed Pods Frameworks */,
			);
			buildRules = (
			);
			dependencies = (
				80DC95262CCBDAA1002A932C /* PBXTargetDependency */,
			);
			name = GithubUserTrackerUITests;
			productName = GithubUserTrackerUITests;
			productReference = 80DC95242CCBDAA1002A932C /* GithubUserTrackerUITests.xctest */;
			productType = "com.apple.product-type.bundle.ui-testing";
		};
/* End PBXNativeTarget section */

/* Begin PBXProject section */
		80DC94FC2CCBDA9F002A932C /* Project object */ = {
			isa = PBXProject;
			attributes = {
				BuildIndependentTargetsInParallel = 1;
				LastSwiftUpdateCheck = 1600;
				LastUpgradeCheck = 1600;
				TargetAttributes = {
					80DC95032CCBDA9F002A932C = {
						CreatedOnToolsVersion = 16.0;
					};
					80DC95192CCBDAA1002A932C = {
						CreatedOnToolsVersion = 16.0;
						TestTargetID = 80DC95032CCBDA9F002A932C;
					};
					80DC95232CCBDAA1002A932C = {
						CreatedOnToolsVersion = 16.0;
						TestTargetID = 80DC95032CCBDA9F002A932C;
					};
				};
			};
			buildConfigurationList = 80DC94FF2CCBDA9F002A932C /* Build configuration list for PBXProject "GithubUserTracker" */;
			compatibilityVersion = "Xcode 14.0";
			developmentRegion = en;
			hasScannedForEncodings = 0;
			knownRegions = (
				en,
				Base,
			);
			mainGroup = 80DC94FB2CCBDA9F002A932C;
			productRefGroup = 80DC95052CCBDA9F002A932C /* Products */;
			projectDirPath = "";
			projectRoot = "";
			targets = (
				80DC95032CCBDA9F002A932C /* GithubUserTracker */,
				80DC95192CCBDAA1002A932C /* GithubUserTrackerTests */,
				80DC95232CCBDAA1002A932C /* GithubUserTrackerUITests */,
			);
		};
/* End PBXProject section */

/* Begin PBXResourcesBuildPhase section */
		80DC95022CCBDA9F002A932C /* Resources */ = {
			isa = PBXResourcesBuildPhase;
			buildActionMask = 2147483647;
			files = (
				80DC956A2CCCBA03002A932C /* Secrets.xcconfig in Resources */,
				80DC95452CCBDAAD002A932C /* Assets.xcassets in Resources */,
				80DC95472CCBDAAD002A932C /* LaunchScreen.storyboard in Resources */,
			);
			runOnlyForDeploymentPostprocessing = 0;
		};
		80DC95182CCBDAA1002A932C /* Resources */ = {
			isa = PBXResourcesBuildPhase;
			buildActionMask = 2147483647;
			files = (
			);
			runOnlyForDeploymentPostprocessing = 0;
		};
		80DC95222CCBDAA1002A932C /* Resources */ = {
			isa = PBXResourcesBuildPhase;
			buildActionMask = 2147483647;
			files = (
			);
			runOnlyForDeploymentPostprocessing = 0;
		};
/* End PBXResourcesBuildPhase section */

/* Begin PBXShellScriptBuildPhase section */
		084DA441429518FC4B3143FC /* [CP] Check Pods Manifest.lock */ = {
			isa = PBXShellScriptBuildPhase;
			buildActionMask = 2147483647;
			files = (
			);
			inputFileListPaths = (
			);
			inputPaths = (
				"${PODS_PODFILE_DIR_PATH}/Podfile.lock",
				"${PODS_ROOT}/Manifest.lock",
			);
			name = "[CP] Check Pods Manifest.lock";
			outputFileListPaths = (
			);
			outputPaths = (
				"$(DERIVED_FILE_DIR)/Pods-GithubUserTrackerTests-checkManifestLockResult.txt",
			);
			runOnlyForDeploymentPostprocessing = 0;
			shellPath = /bin/sh;
			shellScript = "diff \"${PODS_PODFILE_DIR_PATH}/Podfile.lock\" \"${PODS_ROOT}/Manifest.lock\" > /dev/null\nif [ $? != 0 ] ; then\n    # print error to STDERR\n    echo \"error: The sandbox is not in sync with the Podfile.lock. Run 'pod install' or update your CocoaPods installation.\" >&2\n    exit 1\nfi\n# This output is used by Xcode 'outputs' to avoid re-running this script phase.\necho \"SUCCESS\" > \"${SCRIPT_OUTPUT_FILE_0}\"\n";
			showEnvVarsInLog = 0;
		};
		253B62F82AF30F482C712636 /* [CP] Embed Pods Frameworks */ = {
			isa = PBXShellScriptBuildPhase;
			buildActionMask = 2147483647;
			files = (
			);
			inputFileListPaths = (
				"${PODS_ROOT}/Target Support Files/Pods-GithubUserTracker-GithubUserTrackerUITests/Pods-GithubUserTracker-GithubUserTrackerUITests-frameworks-${CONFIGURATION}-input-files.xcfilelist",
			);
			name = "[CP] Embed Pods Frameworks";
			outputFileListPaths = (
				"${PODS_ROOT}/Target Support Files/Pods-GithubUserTracker-GithubUserTrackerUITests/Pods-GithubUserTracker-GithubUserTrackerUITests-frameworks-${CONFIGURATION}-output-files.xcfilelist",
			);
			runOnlyForDeploymentPostprocessing = 0;
			shellPath = /bin/sh;
			shellScript = "\"${PODS_ROOT}/Target Support Files/Pods-GithubUserTracker-GithubUserTrackerUITests/Pods-GithubUserTracker-GithubUserTrackerUITests-frameworks.sh\"\n";
			showEnvVarsInLog = 0;
		};
		270527B55324F87C9B1EF35C /* [CP] Embed Pods Frameworks */ = {
			isa = PBXShellScriptBuildPhase;
			buildActionMask = 2147483647;
			files = (
			);
			inputFileListPaths = (
				"${PODS_ROOT}/Target Support Files/Pods-GithubUserTracker/Pods-GithubUserTracker-frameworks-${CONFIGURATION}-input-files.xcfilelist",
			);
			name = "[CP] Embed Pods Frameworks";
			outputFileListPaths = (
				"${PODS_ROOT}/Target Support Files/Pods-GithubUserTracker/Pods-GithubUserTracker-frameworks-${CONFIGURATION}-output-files.xcfilelist",
			);
			runOnlyForDeploymentPostprocessing = 0;
			shellPath = /bin/sh;
			shellScript = "\"${PODS_ROOT}/Target Support Files/Pods-GithubUserTracker/Pods-GithubUserTracker-frameworks.sh\"\n";
			showEnvVarsInLog = 0;
		};
		451574CF7C2DD31CF7EB0810 /* [CP] Check Pods Manifest.lock */ = {
			isa = PBXShellScriptBuildPhase;
			buildActionMask = 2147483647;
			files = (
			);
			inputFileListPaths = (
			);
			inputPaths = (
				"${PODS_PODFILE_DIR_PATH}/Podfile.lock",
				"${PODS_ROOT}/Manifest.lock",
			);
			name = "[CP] Check Pods Manifest.lock";
			outputFileListPaths = (
			);
			outputPaths = (
				"$(DERIVED_FILE_DIR)/Pods-GithubUserTracker-checkManifestLockResult.txt",
			);
			runOnlyForDeploymentPostprocessing = 0;
			shellPath = /bin/sh;
			shellScript = "diff \"${PODS_PODFILE_DIR_PATH}/Podfile.lock\" \"${PODS_ROOT}/Manifest.lock\" > /dev/null\nif [ $? != 0 ] ; then\n    # print error to STDERR\n    echo \"error: The sandbox is not in sync with the Podfile.lock. Run 'pod install' or update your CocoaPods installation.\" >&2\n    exit 1\nfi\n# This output is used by Xcode 'outputs' to avoid re-running this script phase.\necho \"SUCCESS\" > \"${SCRIPT_OUTPUT_FILE_0}\"\n";
			showEnvVarsInLog = 0;
		};
		552F202CEBA31A6C18B8FA10 /* [CP] Check Pods Manifest.lock */ = {
			isa = PBXShellScriptBuildPhase;
			buildActionMask = 2147483647;
			files = (
			);
			inputFileListPaths = (
			);
			inputPaths = (
				"${PODS_PODFILE_DIR_PATH}/Podfile.lock",
				"${PODS_ROOT}/Manifest.lock",
			);
			name = "[CP] Check Pods Manifest.lock";
			outputFileListPaths = (
			);
			outputPaths = (
				"$(DERIVED_FILE_DIR)/Pods-GithubUserTracker-GithubUserTrackerUITests-checkManifestLockResult.txt",
			);
			runOnlyForDeploymentPostprocessing = 0;
			shellPath = /bin/sh;
			shellScript = "diff \"${PODS_PODFILE_DIR_PATH}/Podfile.lock\" \"${PODS_ROOT}/Manifest.lock\" > /dev/null\nif [ $? != 0 ] ; then\n    # print error to STDERR\n    echo \"error: The sandbox is not in sync with the Podfile.lock. Run 'pod install' or update your CocoaPods installation.\" >&2\n    exit 1\nfi\n# This output is used by Xcode 'outputs' to avoid re-running this script phase.\necho \"SUCCESS\" > \"${SCRIPT_OUTPUT_FILE_0}\"\n";
			showEnvVarsInLog = 0;
		};
/* End PBXShellScriptBuildPhase section */

/* Begin PBXSourcesBuildPhase section */
		80DC95002CCBDA9F002A932C /* Sources */ = {
			isa = PBXSourcesBuildPhase;
			buildActionMask = 2147483647;
			files = (
				80DC95602CCCB096002A932C /* UserRepositoryProtocol.swift in Sources */,
				80DC95422CCBDAAD002A932C /* AppDelegate.swift in Sources */,
				80DC95682CCCB53B002A932C /* NetworkManager.swift in Sources */,
				80DC95432CCBDAAD002A932C /* SceneDelegate.swift in Sources */,
				80DC957D2CCCD4A4002A932C /* UserListViewModel.swift in Sources */,
				80DC955D2CCCAF1C002A932C /* UserListUsecaseProtocol.swift in Sources */,
				80DC95442CCBDAAD002A932C /* UserListViewController.swift in Sources */,
				80DC956E2CCCBECB002A932C /* UserNetwork.swift in Sources */,
				80DC95572CCCA649002A932C /* UserListItem.swift in Sources */,
				80DC95712CCCC00B002A932C /* GithubUserTracker.xcdatamodeld in Sources */,
				80DC95852CCD2B0D002A932C /* HeaderTableViewCell.swift in Sources */,
				80DC95662CCCB3A4002A932C /* UserSession.swift in Sources */,
				80DC95762CCCCCF8002A932C /* UserRepository.swift in Sources */,
				80DC95812CCD1D64002A932C /* TabButtonView.swift in Sources */,
				80DC95592CCCA718002A932C /* NetworkError.swift in Sources */,
				80DC95732CCCC150002A932C /* UserCoreData.swift in Sources */,
				80DC95832CCD1D91002A932C /* UserTableViewCell.swift in Sources */,
				80DC955B2CCCA8BF002A932C /* CoreDataError.swift in Sources */,
			);
			runOnlyForDeploymentPostprocessing = 0;
		};
		80DC95162CCBDAA1002A932C /* Sources */ = {
			isa = PBXSourcesBuildPhase;
			buildActionMask = 2147483647;
			files = (
				80DC95872CCDF801002A932C /* UserListViewModelTests.swift in Sources */,
				80DC95792CCCD1A7002A932C /* MockUserRepository.swift in Sources */,
				80DC95892CCDF86E002A932C /* MockUserUsecase.swift in Sources */,
				80DC954B2CCBDAAF002A932C /* GithubUserTrackerTests.swift in Sources */,
			);
			runOnlyForDeploymentPostprocessing = 0;
		};
		80DC95202CCBDAA1002A932C /* Sources */ = {
			isa = PBXSourcesBuildPhase;
			buildActionMask = 2147483647;
			files = (
				80DC954F2CCBDAB1002A932C /* GithubUserTrackerUITests.swift in Sources */,
				80DC95502CCBDAB1002A932C /* GithubUserTrackerUITestsLaunchTests.swift in Sources */,
			);
			runOnlyForDeploymentPostprocessing = 0;
		};
/* End PBXSourcesBuildPhase section */

/* Begin PBXTargetDependency section */
		80DC951C2CCBDAA1002A932C /* PBXTargetDependency */ = {
			isa = PBXTargetDependency;
			target = 80DC95032CCBDA9F002A932C /* GithubUserTracker */;
			targetProxy = 80DC951B2CCBDAA1002A932C /* PBXContainerItemProxy */;
		};
		80DC95262CCBDAA1002A932C /* PBXTargetDependency */ = {
			isa = PBXTargetDependency;
			target = 80DC95032CCBDA9F002A932C /* GithubUserTracker */;
			targetProxy = 80DC95252CCBDAA1002A932C /* PBXContainerItemProxy */;
		};
/* End PBXTargetDependency section */

/* Begin PBXVariantGroup section */
		80DC953C2CCBDAAD002A932C /* LaunchScreen.storyboard */ = {
			isa = PBXVariantGroup;
			children = (
				80DC953B2CCBDAAD002A932C /* Base */,
			);
			name = LaunchScreen.storyboard;
			sourceTree = "<group>";
		};
/* End PBXVariantGroup section */

/* Begin XCBuildConfiguration section */
		80DC952E2CCBDAA1002A932C /* Debug */ = {
			isa = XCBuildConfiguration;
			baseConfigurationReference = 7F4C2CF54F6F971711ECA5AB /* Pods-GithubUserTracker.debug.xcconfig */;
			buildSettings = {
				ASSETCATALOG_COMPILER_APPICON_NAME = AppIcon;
				ASSETCATALOG_COMPILER_GLOBAL_ACCENT_COLOR_NAME = AccentColor;
				CODE_SIGN_STYLE = Automatic;
				CURRENT_PROJECT_VERSION = 1;
				DEVELOPMENT_TEAM = KGMAZD32DG;
				GENERATE_INFOPLIST_FILE = YES;
				INFOPLIST_FILE = GithubUserTracker/Info.plist;
				INFOPLIST_KEY_UIApplicationSupportsIndirectInputEvents = YES;
				INFOPLIST_KEY_UILaunchStoryboardName = LaunchScreen;
				INFOPLIST_KEY_UISupportedInterfaceOrientations_iPad = "UIInterfaceOrientationPortrait UIInterfaceOrientationPortraitUpsideDown UIInterfaceOrientationLandscapeLeft UIInterfaceOrientationLandscapeRight";
				INFOPLIST_KEY_UISupportedInterfaceOrientations_iPhone = "UIInterfaceOrientationPortrait UIInterfaceOrientationLandscapeLeft UIInterfaceOrientationLandscapeRight";
				IPHONEOS_DEPLOYMENT_TARGET = 16.6;
				LD_RUNPATH_SEARCH_PATHS = (
					"$(inherited)",
					"@executable_path/Frameworks",
				);
				MARKETING_VERSION = 1.0;
				PRODUCT_BUNDLE_IDENTIFIER = com.Foden.GithubUserTracker;
				PRODUCT_NAME = "$(TARGET_NAME)";
				SUPPORTED_PLATFORMS = "iphoneos iphonesimulator";
				SUPPORTS_MACCATALYST = NO;
				SUPPORTS_MAC_DESIGNED_FOR_IPHONE_IPAD = NO;
				SUPPORTS_XR_DESIGNED_FOR_IPHONE_IPAD = NO;
				SWIFT_EMIT_LOC_STRINGS = YES;
				SWIFT_VERSION = 5.0;
				TARGETED_DEVICE_FAMILY = 1;
			};
			name = Debug;
		};
		80DC952F2CCBDAA1002A932C /* Release */ = {
			isa = XCBuildConfiguration;
			baseConfigurationReference = 04A39FDBDE2A10E6D6F7FA2B /* Pods-GithubUserTracker.release.xcconfig */;
			buildSettings = {
				ASSETCATALOG_COMPILER_APPICON_NAME = AppIcon;
				ASSETCATALOG_COMPILER_GLOBAL_ACCENT_COLOR_NAME = AccentColor;
				CODE_SIGN_STYLE = Automatic;
				CURRENT_PROJECT_VERSION = 1;
				DEVELOPMENT_TEAM = KGMAZD32DG;
				GENERATE_INFOPLIST_FILE = YES;
				INFOPLIST_FILE = GithubUserTracker/Info.plist;
				INFOPLIST_KEY_UIApplicationSupportsIndirectInputEvents = YES;
				INFOPLIST_KEY_UILaunchStoryboardName = LaunchScreen;
				INFOPLIST_KEY_UISupportedInterfaceOrientations_iPad = "UIInterfaceOrientationPortrait UIInterfaceOrientationPortraitUpsideDown UIInterfaceOrientationLandscapeLeft UIInterfaceOrientationLandscapeRight";
				INFOPLIST_KEY_UISupportedInterfaceOrientations_iPhone = "UIInterfaceOrientationPortrait UIInterfaceOrientationLandscapeLeft UIInterfaceOrientationLandscapeRight";
				IPHONEOS_DEPLOYMENT_TARGET = 16.6;
				LD_RUNPATH_SEARCH_PATHS = (
					"$(inherited)",
					"@executable_path/Frameworks",
				);
				MARKETING_VERSION = 1.0;
				PRODUCT_BUNDLE_IDENTIFIER = com.Foden.GithubUserTracker;
				PRODUCT_NAME = "$(TARGET_NAME)";
				SUPPORTED_PLATFORMS = "iphoneos iphonesimulator";
				SUPPORTS_MACCATALYST = NO;
				SUPPORTS_MAC_DESIGNED_FOR_IPHONE_IPAD = NO;
				SUPPORTS_XR_DESIGNED_FOR_IPHONE_IPAD = NO;
				SWIFT_EMIT_LOC_STRINGS = YES;
				SWIFT_VERSION = 5.0;
				TARGETED_DEVICE_FAMILY = 1;
			};
			name = Release;
		};
		80DC95302CCBDAA1002A932C /* Debug */ = {
			isa = XCBuildConfiguration;
			baseConfigurationReference = 80DC95692CCCBA03002A932C /* Secrets.xcconfig */;
			buildSettings = {
				ALWAYS_SEARCH_USER_PATHS = NO;
				ASSETCATALOG_COMPILER_GENERATE_SWIFT_ASSET_SYMBOL_EXTENSIONS = YES;
				CLANG_ANALYZER_NONNULL = YES;
				CLANG_ANALYZER_NUMBER_OBJECT_CONVERSION = YES_AGGRESSIVE;
				CLANG_CXX_LANGUAGE_STANDARD = "gnu++20";
				CLANG_ENABLE_MODULES = YES;
				CLANG_ENABLE_OBJC_ARC = YES;
				CLANG_ENABLE_OBJC_WEAK = YES;
				CLANG_WARN_BLOCK_CAPTURE_AUTORELEASING = YES;
				CLANG_WARN_BOOL_CONVERSION = YES;
				CLANG_WARN_COMMA = YES;
				CLANG_WARN_CONSTANT_CONVERSION = YES;
				CLANG_WARN_DEPRECATED_OBJC_IMPLEMENTATIONS = YES;
				CLANG_WARN_DIRECT_OBJC_ISA_USAGE = YES_ERROR;
				CLANG_WARN_DOCUMENTATION_COMMENTS = YES;
				CLANG_WARN_EMPTY_BODY = YES;
				CLANG_WARN_ENUM_CONVERSION = YES;
				CLANG_WARN_INFINITE_RECURSION = YES;
				CLANG_WARN_INT_CONVERSION = YES;
				CLANG_WARN_NON_LITERAL_NULL_CONVERSION = YES;
				CLANG_WARN_OBJC_IMPLICIT_RETAIN_SELF = YES;
				CLANG_WARN_OBJC_LITERAL_CONVERSION = YES;
				CLANG_WARN_OBJC_ROOT_CLASS = YES_ERROR;
				CLANG_WARN_QUOTED_INCLUDE_IN_FRAMEWORK_HEADER = YES;
				CLANG_WARN_RANGE_LOOP_ANALYSIS = YES;
				CLANG_WARN_STRICT_PROTOTYPES = YES;
				CLANG_WARN_SUSPICIOUS_MOVE = YES;
				CLANG_WARN_UNGUARDED_AVAILABILITY = YES_AGGRESSIVE;
				CLANG_WARN_UNREACHABLE_CODE = YES;
				CLANG_WARN__DUPLICATE_METHOD_MATCH = YES;
				COPY_PHASE_STRIP = NO;
				DEBUG_INFORMATION_FORMAT = dwarf;
				ENABLE_STRICT_OBJC_MSGSEND = YES;
				ENABLE_TESTABILITY = YES;
				ENABLE_USER_SCRIPT_SANDBOXING = NO;
				GCC_C_LANGUAGE_STANDARD = gnu17;
				GCC_DYNAMIC_NO_PIC = NO;
				GCC_NO_COMMON_BLOCKS = YES;
				GCC_OPTIMIZATION_LEVEL = 0;
				GCC_PREPROCESSOR_DEFINITIONS = (
					"DEBUG=1",
					"$(inherited)",
				);
				GCC_WARN_64_TO_32_BIT_CONVERSION = YES;
				GCC_WARN_ABOUT_RETURN_TYPE = YES_ERROR;
				GCC_WARN_UNDECLARED_SELECTOR = YES;
				GCC_WARN_UNINITIALIZED_AUTOS = YES_AGGRESSIVE;
				GCC_WARN_UNUSED_FUNCTION = YES;
				GCC_WARN_UNUSED_VARIABLE = YES;
				IPHONEOS_DEPLOYMENT_TARGET = 18.0;
				LOCALIZATION_PREFERS_STRING_CATALOGS = YES;
				MTL_ENABLE_DEBUG_INFO = INCLUDE_SOURCE;
				MTL_FAST_MATH = YES;
				ONLY_ACTIVE_ARCH = YES;
				SDKROOT = iphoneos;
				SWIFT_ACTIVE_COMPILATION_CONDITIONS = "DEBUG $(inherited)";
				SWIFT_OPTIMIZATION_LEVEL = "-Onone";
			};
			name = Debug;
		};
		80DC95312CCBDAA1002A932C /* Release */ = {
			isa = XCBuildConfiguration;
			baseConfigurationReference = 80DC95692CCCBA03002A932C /* Secrets.xcconfig */;
			buildSettings = {
				ALWAYS_SEARCH_USER_PATHS = NO;
				ASSETCATALOG_COMPILER_GENERATE_SWIFT_ASSET_SYMBOL_EXTENSIONS = YES;
				CLANG_ANALYZER_NONNULL = YES;
				CLANG_ANALYZER_NUMBER_OBJECT_CONVERSION = YES_AGGRESSIVE;
				CLANG_CXX_LANGUAGE_STANDARD = "gnu++20";
				CLANG_ENABLE_MODULES = YES;
				CLANG_ENABLE_OBJC_ARC = YES;
				CLANG_ENABLE_OBJC_WEAK = YES;
				CLANG_WARN_BLOCK_CAPTURE_AUTORELEASING = YES;
				CLANG_WARN_BOOL_CONVERSION = YES;
				CLANG_WARN_COMMA = YES;
				CLANG_WARN_CONSTANT_CONVERSION = YES;
				CLANG_WARN_DEPRECATED_OBJC_IMPLEMENTATIONS = YES;
				CLANG_WARN_DIRECT_OBJC_ISA_USAGE = YES_ERROR;
				CLANG_WARN_DOCUMENTATION_COMMENTS = YES;
				CLANG_WARN_EMPTY_BODY = YES;
				CLANG_WARN_ENUM_CONVERSION = YES;
				CLANG_WARN_INFINITE_RECURSION = YES;
				CLANG_WARN_INT_CONVERSION = YES;
				CLANG_WARN_NON_LITERAL_NULL_CONVERSION = YES;
				CLANG_WARN_OBJC_IMPLICIT_RETAIN_SELF = YES;
				CLANG_WARN_OBJC_LITERAL_CONVERSION = YES;
				CLANG_WARN_OBJC_ROOT_CLASS = YES_ERROR;
				CLANG_WARN_QUOTED_INCLUDE_IN_FRAMEWORK_HEADER = YES;
				CLANG_WARN_RANGE_LOOP_ANALYSIS = YES;
				CLANG_WARN_STRICT_PROTOTYPES = YES;
				CLANG_WARN_SUSPICIOUS_MOVE = YES;
				CLANG_WARN_UNGUARDED_AVAILABILITY = YES_AGGRESSIVE;
				CLANG_WARN_UNREACHABLE_CODE = YES;
				CLANG_WARN__DUPLICATE_METHOD_MATCH = YES;
				COPY_PHASE_STRIP = NO;
				DEBUG_INFORMATION_FORMAT = "dwarf-with-dsym";
				ENABLE_NS_ASSERTIONS = NO;
				ENABLE_STRICT_OBJC_MSGSEND = YES;
				ENABLE_USER_SCRIPT_SANDBOXING = NO;
				GCC_C_LANGUAGE_STANDARD = gnu17;
				GCC_NO_COMMON_BLOCKS = YES;
				GCC_WARN_64_TO_32_BIT_CONVERSION = YES;
				GCC_WARN_ABOUT_RETURN_TYPE = YES_ERROR;
				GCC_WARN_UNDECLARED_SELECTOR = YES;
				GCC_WARN_UNINITIALIZED_AUTOS = YES_AGGRESSIVE;
				GCC_WARN_UNUSED_FUNCTION = YES;
				GCC_WARN_UNUSED_VARIABLE = YES;
				IPHONEOS_DEPLOYMENT_TARGET = 18.0;
				LOCALIZATION_PREFERS_STRING_CATALOGS = YES;
				MTL_ENABLE_DEBUG_INFO = NO;
				MTL_FAST_MATH = YES;
				SDKROOT = iphoneos;
				SWIFT_COMPILATION_MODE = wholemodule;
				VALIDATE_PRODUCT = YES;
			};
			name = Release;
		};
		80DC95332CCBDAA1002A932C /* Debug */ = {
			isa = XCBuildConfiguration;
			baseConfigurationReference = BE7EF4CF6369037251B065FA /* Pods-GithubUserTrackerTests.debug.xcconfig */;
			buildSettings = {
				BUNDLE_LOADER = "$(TEST_HOST)";
				CODE_SIGN_STYLE = Automatic;
				CURRENT_PROJECT_VERSION = 1;
				DEVELOPMENT_TEAM = KGMAZD32DG;
				GENERATE_INFOPLIST_FILE = YES;
				IPHONEOS_DEPLOYMENT_TARGET = 18.0;
				MARKETING_VERSION = 1.0;
				PRODUCT_BUNDLE_IDENTIFIER = com.Foden.GithubUserTrackerTests;
				PRODUCT_NAME = "$(TARGET_NAME)";
				SWIFT_EMIT_LOC_STRINGS = NO;
				SWIFT_VERSION = 5.0;
				TARGETED_DEVICE_FAMILY = "1,2";
				TEST_HOST = "$(BUILT_PRODUCTS_DIR)/GithubUserTracker.app/$(BUNDLE_EXECUTABLE_FOLDER_PATH)/GithubUserTracker";
			};
			name = Debug;
		};
		80DC95342CCBDAA1002A932C /* Release */ = {
			isa = XCBuildConfiguration;
			baseConfigurationReference = 2E993BA106CCDA7B425F5959 /* Pods-GithubUserTrackerTests.release.xcconfig */;
			buildSettings = {
				BUNDLE_LOADER = "$(TEST_HOST)";
				CODE_SIGN_STYLE = Automatic;
				CURRENT_PROJECT_VERSION = 1;
				DEVELOPMENT_TEAM = KGMAZD32DG;
				GENERATE_INFOPLIST_FILE = YES;
				IPHONEOS_DEPLOYMENT_TARGET = 18.0;
				MARKETING_VERSION = 1.0;
				PRODUCT_BUNDLE_IDENTIFIER = com.Foden.GithubUserTrackerTests;
				PRODUCT_NAME = "$(TARGET_NAME)";
				SWIFT_EMIT_LOC_STRINGS = NO;
				SWIFT_VERSION = 5.0;
				TARGETED_DEVICE_FAMILY = "1,2";
				TEST_HOST = "$(BUILT_PRODUCTS_DIR)/GithubUserTracker.app/$(BUNDLE_EXECUTABLE_FOLDER_PATH)/GithubUserTracker";
			};
			name = Release;
		};
		80DC95362CCBDAA1002A932C /* Debug */ = {
			isa = XCBuildConfiguration;
			baseConfigurationReference = CB2164702C0D47535E835ECF /* Pods-GithubUserTracker-GithubUserTrackerUITests.debug.xcconfig */;
			buildSettings = {
				CODE_SIGN_STYLE = Automatic;
				CURRENT_PROJECT_VERSION = 1;
				DEVELOPMENT_TEAM = KGMAZD32DG;
				GENERATE_INFOPLIST_FILE = YES;
				MARKETING_VERSION = 1.0;
				PRODUCT_BUNDLE_IDENTIFIER = com.Foden.GithubUserTrackerUITests;
				PRODUCT_NAME = "$(TARGET_NAME)";
				SWIFT_EMIT_LOC_STRINGS = NO;
				SWIFT_VERSION = 5.0;
				TARGETED_DEVICE_FAMILY = "1,2";
				TEST_TARGET_NAME = GithubUserTracker;
			};
			name = Debug;
		};
		80DC95372CCBDAA1002A932C /* Release */ = {
			isa = XCBuildConfiguration;
			baseConfigurationReference = F1193A980E59C74CDE966CCA /* Pods-GithubUserTracker-GithubUserTrackerUITests.release.xcconfig */;
			buildSettings = {
				CODE_SIGN_STYLE = Automatic;
				CURRENT_PROJECT_VERSION = 1;
				DEVELOPMENT_TEAM = KGMAZD32DG;
				GENERATE_INFOPLIST_FILE = YES;
				MARKETING_VERSION = 1.0;
				PRODUCT_BUNDLE_IDENTIFIER = com.Foden.GithubUserTrackerUITests;
				PRODUCT_NAME = "$(TARGET_NAME)";
				SWIFT_EMIT_LOC_STRINGS = NO;
				SWIFT_VERSION = 5.0;
				TARGETED_DEVICE_FAMILY = "1,2";
				TEST_TARGET_NAME = GithubUserTracker;
			};
			name = Release;
		};
/* End XCBuildConfiguration section */

/* Begin XCConfigurationList section */
		80DC94FF2CCBDA9F002A932C /* Build configuration list for PBXProject "GithubUserTracker" */ = {
			isa = XCConfigurationList;
			buildConfigurations = (
				80DC95302CCBDAA1002A932C /* Debug */,
				80DC95312CCBDAA1002A932C /* Release */,
			);
			defaultConfigurationIsVisible = 0;
			defaultConfigurationName = Release;
		};
		80DC952D2CCBDAA1002A932C /* Build configuration list for PBXNativeTarget "GithubUserTracker" */ = {
			isa = XCConfigurationList;
			buildConfigurations = (
				80DC952E2CCBDAA1002A932C /* Debug */,
				80DC952F2CCBDAA1002A932C /* Release */,
			);
			defaultConfigurationIsVisible = 0;
			defaultConfigurationName = Release;
		};
		80DC95322CCBDAA1002A932C /* Build configuration list for PBXNativeTarget "GithubUserTrackerTests" */ = {
			isa = XCConfigurationList;
			buildConfigurations = (
				80DC95332CCBDAA1002A932C /* Debug */,
				80DC95342CCBDAA1002A932C /* Release */,
			);
			defaultConfigurationIsVisible = 0;
			defaultConfigurationName = Release;
		};
		80DC95352CCBDAA1002A932C /* Build configuration list for PBXNativeTarget "GithubUserTrackerUITests" */ = {
			isa = XCConfigurationList;
			buildConfigurations = (
				80DC95362CCBDAA1002A932C /* Debug */,
				80DC95372CCBDAA1002A932C /* Release */,
			);
			defaultConfigurationIsVisible = 0;
			defaultConfigurationName = Release;
		};
/* End XCConfigurationList section */

/* Begin XCVersionGroup section */
		80DC956F2CCCC00B002A932C /* GithubUserTracker.xcdatamodeld */ = {
			isa = XCVersionGroup;
			children = (
				80DC95702CCCC00B002A932C /* GithubUserTracker.xcdatamodel */,
			);
			currentVersion = 80DC95702CCCC00B002A932C /* GithubUserTracker.xcdatamodel */;
			path = GithubUserTracker.xcdatamodeld;
			sourceTree = "<group>";
			versionGroupType = wrapper.xcdatamodel;
		};
/* End XCVersionGroup section */
	};
	rootObject = 80DC94FC2CCBDA9F002A932C /* Project object */;
}
